{"1.2.0",
[{<<"dynamic_compile">>,{pkg,<<"dynamic_compile">>,<<"1.0.0">>},0}]}.
[
{pkg_hash,[
 {<<"dynamic_compile">>, <<"8171B2CB4953EA3ED2EF63F5B26ABF677ACD0CA32210C2A08A7A8406A743F76B">>}]},
{pkg_hash_ext,[
 {<<"dynamic_compile">>, <<"EB73D8E9A6334914F79C15EE8214ACAD9659C42222D49BEDA3E8B6F6789A980A">>}]}
].
